// !$*UTF8*$!
{
	archiveVersion = 1;
	classes = {
	};
	objectVersion = 56;
	objects = {

/* Begin PBXBuildFile section */
		7C261E692BFB7C6D00632ABA /* AppDelegate.swift in Sources */ = {isa = PBXBuildFile; fileRef = 7C261E682BFB7C6D00632ABA /* AppDelegate.swift */; };
		7C261E6B2BFB7C6D00632ABA /* SceneDelegate.swift in Sources */ = {isa = PBXBuildFile; fileRef = 7C261E6A2BFB7C6D00632ABA /* SceneDelegate.swift */; };
		7C261E722BFB7C6E00632ABA /* Assets.xcassets in Resources */ = {isa = PBXBuildFile; fileRef = 7C261E712BFB7C6E00632ABA /* Assets.xcassets */; };
		7C261E752BFB7C6E00632ABA /* LaunchScreen.storyboard in Resources */ = {isa = PBXBuildFile; fileRef = 7C261E732BFB7C6E00632ABA /* LaunchScreen.storyboard */; };
		7CCF8FE42BFB8D38004692CA /* PokemonListController.swift in Sources */ = {isa = PBXBuildFile; fileRef = 7CCF8FE32BFB8D38004692CA /* PokemonListController.swift */; };
		7CCF8FE62BFB95CF004692CA /* PokemonDetailsController.swift in Sources */ = {isa = PBXBuildFile; fileRef = 7CCF8FE52BFB95CF004692CA /* PokemonDetailsController.swift */; };
		7CCF8FE92BFB9CA8004692CA /* Network.swift in Sources */ = {isa = PBXBuildFile; fileRef = 7CCF8FE82BFB9CA8004692CA /* Network.swift */; };
		7CCF8FEB2BFB9D1F004692CA /* PokemonsResource.swift in Sources */ = {isa = PBXBuildFile; fileRef = 7CCF8FEA2BFB9D1F004692CA /* PokemonsResource.swift */; };
		7CCF8FF42BFBFA53004692CA /* PokemonCell.swift in Sources */ = {isa = PBXBuildFile; fileRef = 7CCF8FF32BFBFA53004692CA /* PokemonCell.swift */; };
		7CCF8FF72BFBFA9A004692CA /* PokemonListViewModel.swift in Sources */ = {isa = PBXBuildFile; fileRef = 7CCF8FF62BFBFA9A004692CA /* PokemonListViewModel.swift */; };
		7CCF8FFA2BFC096A004692CA /* StringConstants.swift in Sources */ = {isa = PBXBuildFile; fileRef = 7CCF8FF92BFC096A004692CA /* StringConstants.swift */; };
		7CCF8FFE2BFC0CE8004692CA /* PokemonDetailsResource.swift in Sources */ = {isa = PBXBuildFile; fileRef = 7CCF8FFD2BFC0CE8004692CA /* PokemonDetailsResource.swift */; };
		7CCF90022BFC1539004692CA /* PokemonViewModel.swift in Sources */ = {isa = PBXBuildFile; fileRef = 7CCF90012BFC1539004692CA /* PokemonViewModel.swift */; };
		7CCF90042BFC16C0004692CA /* PokemonDetailsView.swift in Sources */ = {isa = PBXBuildFile; fileRef = 7CCF90032BFC16C0004692CA /* PokemonDetailsView.swift */; };
		7CCF90062BFC1C72004692CA /* CollectionViewActivityFooter.swift in Sources */ = {isa = PBXBuildFile; fileRef = 7CCF90052BFC1C72004692CA /* CollectionViewActivityFooter.swift */; };
		7CCF90082BFC7C30004692CA /* LikePokemonResource.swift in Sources */ = {isa = PBXBuildFile; fileRef = 7CCF90072BFC7C30004692CA /* LikePokemonResource.swift */; };
		7CCF900A2BFC877A004692CA /* LikeStatusResource.swift in Sources */ = {isa = PBXBuildFile; fileRef = 7CCF90092BFC877A004692CA /* LikeStatusResource.swift */; };
		7CCF900C2BFC96F7004692CA /* Coordinator.swift in Sources */ = {isa = PBXBuildFile; fileRef = 7CCF900B2BFC96F7004692CA /* Coordinator.swift */; };
		7CCF900E2BFC9703004692CA /* ApplicationCoordinator.swift in Sources */ = {isa = PBXBuildFile; fileRef = 7CCF900D2BFC9703004692CA /* ApplicationCoordinator.swift */; };
/* End PBXBuildFile section */

/* Begin PBXFileReference section */
		7C261E652BFB7C6D00632ABA /* PokemonApi.app */ = {isa = PBXFileReference; explicitFileType = wrapper.application; includeInIndex = 0; path = PokemonApi.app; sourceTree = BUILT_PRODUCTS_DIR; };
		7C261E682BFB7C6D00632ABA /* AppDelegate.swift */ = {isa = PBXFileReference; lastKnownFileType = sourcecode.swift; path = AppDelegate.swift; sourceTree = "<group>"; };
		7C261E6A2BFB7C6D00632ABA /* SceneDelegate.swift */ = {isa = PBXFileReference; lastKnownFileType = sourcecode.swift; path = SceneDelegate.swift; sourceTree = "<group>"; };
		7C261E712BFB7C6E00632ABA /* Assets.xcassets */ = {isa = PBXFileReference; lastKnownFileType = folder.assetcatalog; path = Assets.xcassets; sourceTree = "<group>"; };
		7C261E742BFB7C6E00632ABA /* Base */ = {isa = PBXFileReference; lastKnownFileType = file.storyboard; name = Base; path = Base.lproj/LaunchScreen.storyboard; sourceTree = "<group>"; };
		7C261E762BFB7C6E00632ABA /* Info.plist */ = {isa = PBXFileReference; lastKnownFileType = text.plist.xml; path = Info.plist; sourceTree = "<group>"; };
		7CCF8FE32BFB8D38004692CA /* PokemonListController.swift */ = {isa = PBXFileReference; lastKnownFileType = sourcecode.swift; path = PokemonListController.swift; sourceTree = "<group>"; };
		7CCF8FE52BFB95CF004692CA /* PokemonDetailsController.swift */ = {isa = PBXFileReference; lastKnownFileType = sourcecode.swift; path = PokemonDetailsController.swift; sourceTree = "<group>"; };
		7CCF8FE82BFB9CA8004692CA /* Network.swift */ = {isa = PBXFileReference; lastKnownFileType = sourcecode.swift; path = Network.swift; sourceTree = "<group>"; };
		7CCF8FEA2BFB9D1F004692CA /* PokemonsResource.swift */ = {isa = PBXFileReference; lastKnownFileType = sourcecode.swift; path = PokemonsResource.swift; sourceTree = "<group>"; };
		7CCF8FF32BFBFA53004692CA /* PokemonCell.swift */ = {isa = PBXFileReference; lastKnownFileType = sourcecode.swift; path = PokemonCell.swift; sourceTree = "<group>"; };
		7CCF8FF62BFBFA9A004692CA /* PokemonListViewModel.swift */ = {isa = PBXFileReference; lastKnownFileType = sourcecode.swift; path = PokemonListViewModel.swift; sourceTree = "<group>"; };
		7CCF8FF92BFC096A004692CA /* StringConstants.swift */ = {isa = PBXFileReference; lastKnownFileType = sourcecode.swift; path = StringConstants.swift; sourceTree = "<group>"; };
		7CCF8FFD2BFC0CE8004692CA /* PokemonDetailsResource.swift */ = {isa = PBXFileReference; lastKnownFileType = sourcecode.swift; path = PokemonDetailsResource.swift; sourceTree = "<group>"; };
		7CCF90012BFC1539004692CA /* PokemonViewModel.swift */ = {isa = PBXFileReference; lastKnownFileType = sourcecode.swift; path = PokemonViewModel.swift; sourceTree = "<group>"; };
		7CCF90032BFC16C0004692CA /* PokemonDetailsView.swift */ = {isa = PBXFileReference; lastKnownFileType = sourcecode.swift; path = PokemonDetailsView.swift; sourceTree = "<group>"; };
		7CCF90052BFC1C72004692CA /* CollectionViewActivityFooter.swift */ = {isa = PBXFileReference; lastKnownFileType = sourcecode.swift; path = CollectionViewActivityFooter.swift; sourceTree = "<group>"; };
		7CCF90072BFC7C30004692CA /* LikePokemonResource.swift */ = {isa = PBXFileReference; lastKnownFileType = sourcecode.swift; path = LikePokemonResource.swift; sourceTree = "<group>"; };
		7CCF90092BFC877A004692CA /* LikeStatusResource.swift */ = {isa = PBXFileReference; lastKnownFileType = sourcecode.swift; path = LikeStatusResource.swift; sourceTree = "<group>"; };
		7CCF900B2BFC96F7004692CA /* Coordinator.swift */ = {isa = PBXFileReference; lastKnownFileType = sourcecode.swift; path = Coordinator.swift; sourceTree = "<group>"; };
		7CCF900D2BFC9703004692CA /* ApplicationCoordinator.swift */ = {isa = PBXFileReference; lastKnownFileType = sourcecode.swift; path = ApplicationCoordinator.swift; sourceTree = "<group>"; };
/* End PBXFileReference section */

/* Begin PBXFrameworksBuildPhase section */
		7C261E622BFB7C6D00632ABA /* Frameworks */ = {
			isa = PBXFrameworksBuildPhase;
			buildActionMask = 2147483647;
			files = (
			);
			runOnlyForDeploymentPostprocessing = 0;
		};
/* End PBXFrameworksBuildPhase section */

/* Begin PBXGroup section */
		7C261E5C2BFB7C6D00632ABA = {
			isa = PBXGroup;
			children = (
				7C261E672BFB7C6D00632ABA /* PokemonApi */,
				7C261E662BFB7C6D00632ABA /* Products */,
			);
			sourceTree = "<group>";
		};
		7C261E662BFB7C6D00632ABA /* Products */ = {
			isa = PBXGroup;
			children = (
				7C261E652BFB7C6D00632ABA /* PokemonApi.app */,
			);
			name = Products;
			sourceTree = "<group>";
		};
		7C261E672BFB7C6D00632ABA /* PokemonApi */ = {
			isa = PBXGroup;
			children = (
				7C261E7C2BFB7C9700632ABA /* Application */,
				7CCF8FDE2BFB7D9A004692CA /* PokemonsList */,
				7CCF8FE02BFB7DBB004692CA /* PokemonDetails */,
				7CCF8FE72BFB9C90004692CA /* Services */,
				7CCF8FF82BFC0954004692CA /* Util */,
				7C261E712BFB7C6E00632ABA /* Assets.xcassets */,
				7C261E732BFB7C6E00632ABA /* LaunchScreen.storyboard */,
			);
			path = PokemonApi;
			sourceTree = "<group>";
		};
		7C261E7C2BFB7C9700632ABA /* Application */ = {
			isa = PBXGroup;
			children = (
				7C261E682BFB7C6D00632ABA /* AppDelegate.swift */,
				7C261E6A2BFB7C6D00632ABA /* SceneDelegate.swift */,
				7C261E762BFB7C6E00632ABA /* Info.plist */,
				7CCF900D2BFC9703004692CA /* ApplicationCoordinator.swift */,
			);
			path = Application;
			sourceTree = "<group>";
		};
		7CCF8FDE2BFB7D9A004692CA /* PokemonsList */ = {
			isa = PBXGroup;
			children = (
				7CCF8FF22BFBFA0F004692CA /* View */,
				7CCF8FF52BFBFA81004692CA /* ViewModel */,
			);
			path = PokemonsList;
			sourceTree = "<group>";
		};
		7CCF8FE02BFB7DBB004692CA /* PokemonDetails */ = {
			isa = PBXGroup;
			children = (
				7CCF8FFF2BFC14FB004692CA /* View */,
				7CCF90002BFC150F004692CA /* ViewModel */,
			);
			path = PokemonDetails;
			sourceTree = "<group>";
		};
		7CCF8FE72BFB9C90004692CA /* Services */ = {
			isa = PBXGroup;
			children = (
				7CCF8FFB2BFC0CB1004692CA /* Api */,
			);
			path = Services;
			sourceTree = "<group>";
		};
		7CCF8FF22BFBFA0F004692CA /* View */ = {
			isa = PBXGroup;
			children = (
				7CCF8FF32BFBFA53004692CA /* PokemonCell.swift */,
				7CCF8FE32BFB8D38004692CA /* PokemonListController.swift */,
				7CCF90052BFC1C72004692CA /* CollectionViewActivityFooter.swift */,
			);
			path = View;
			sourceTree = "<group>";
		};
		7CCF8FF52BFBFA81004692CA /* ViewModel */ = {
			isa = PBXGroup;
			children = (
				7CCF8FF62BFBFA9A004692CA /* PokemonListViewModel.swift */,
			);
			path = ViewModel;
			sourceTree = "<group>";
		};
		7CCF8FF82BFC0954004692CA /* Util */ = {
			isa = PBXGroup;
			children = (
				7CCF8FF92BFC096A004692CA /* StringConstants.swift */,
				7CCF900B2BFC96F7004692CA /* Coordinator.swift */,
			);
			path = Util;
			sourceTree = "<group>";
		};
		7CCF8FFB2BFC0CB1004692CA /* Api */ = {
			isa = PBXGroup;
			children = (
				7CCF8FE82BFB9CA8004692CA /* Network.swift */,
				7CCF8FFC2BFC0CCB004692CA /* Endpoints */,
			);
			path = Api;
			sourceTree = "<group>";
		};
		7CCF8FFC2BFC0CCB004692CA /* Endpoints */ = {
			isa = PBXGroup;
			children = (
				7CCF8FFD2BFC0CE8004692CA /* PokemonDetailsResource.swift */,
				7CCF8FEA2BFB9D1F004692CA /* PokemonsResource.swift */,
				7CCF90072BFC7C30004692CA /* LikePokemonResource.swift */,
				7CCF90092BFC877A004692CA /* LikeStatusResource.swift */,
			);
			path = Endpoints;
			sourceTree = "<group>";
		};
		7CCF8FFF2BFC14FB004692CA /* View */ = {
			isa = PBXGroup;
			children = (
				7CCF90032BFC16C0004692CA /* PokemonDetailsView.swift */,
				7CCF8FE52BFB95CF004692CA /* PokemonDetailsController.swift */,
			);
			path = View;
			sourceTree = "<group>";
		};
		7CCF90002BFC150F004692CA /* ViewModel */ = {
			isa = PBXGroup;
			children = (
				7CCF90012BFC1539004692CA /* PokemonViewModel.swift */,
			);
			path = ViewModel;
			sourceTree = "<group>";
		};
/* End PBXGroup section */

/* Begin PBXNativeTarget section */
		7C261E642BFB7C6D00632ABA /* PokemonApi */ = {
			isa = PBXNativeTarget;
			buildConfigurationList = 7C261E792BFB7C6E00632ABA /* Build configuration list for PBXNativeTarget "PokemonApi" */;
			buildPhases = (
				7C261E612BFB7C6D00632ABA /* Sources */,
				7C261E622BFB7C6D00632ABA /* Frameworks */,
				7C261E632BFB7C6D00632ABA /* Resources */,
			);
			buildRules = (
			);
			dependencies = (
			);
			name = PokemonApi;
			productName = PokemonApi;
			productReference = 7C261E652BFB7C6D00632ABA /* PokemonApi.app */;
			productType = "com.apple.product-type.application";
		};
/* End PBXNativeTarget section */

/* Begin PBXProject section */
		7C261E5D2BFB7C6D00632ABA /* Project object */ = {
			isa = PBXProject;
			attributes = {
				BuildIndependentTargetsInParallel = 1;
				LastSwiftUpdateCheck = 1520;
				LastUpgradeCheck = 1520;
				TargetAttributes = {
					7C261E642BFB7C6D00632ABA = {
						CreatedOnToolsVersion = 15.2;
					};
				};
			};
			buildConfigurationList = 7C261E602BFB7C6D00632ABA /* Build configuration list for PBXProject "PokemonApi" */;
			compatibilityVersion = "Xcode 14.0";
			developmentRegion = en;
			hasScannedForEncodings = 0;
			knownRegions = (
				en,
				Base,
			);
			mainGroup = 7C261E5C2BFB7C6D00632ABA;
			productRefGroup = 7C261E662BFB7C6D00632ABA /* Products */;
			projectDirPath = "";
			projectRoot = "";
			targets = (
				7C261E642BFB7C6D00632ABA /* PokemonApi */,
			);
		};
/* End PBXProject section */

/* Begin PBXResourcesBuildPhase section */
		7C261E632BFB7C6D00632ABA /* Resources */ = {
			isa = PBXResourcesBuildPhase;
			buildActionMask = 2147483647;
			files = (
				7C261E752BFB7C6E00632ABA /* LaunchScreen.storyboard in Resources */,
				7C261E722BFB7C6E00632ABA /* Assets.xcassets in Resources */,
			);
			runOnlyForDeploymentPostprocessing = 0;
		};
/* End PBXResourcesBuildPhase section */

/* Begin PBXSourcesBuildPhase section */
		7C261E612BFB7C6D00632ABA /* Sources */ = {
			isa = PBXSourcesBuildPhase;
			buildActionMask = 2147483647;
			files = (
				7CCF900E2BFC9703004692CA /* ApplicationCoordinator.swift in Sources */,
				7CCF900C2BFC96F7004692CA /* Coordinator.swift in Sources */,
				7CCF900A2BFC877A004692CA /* LikeStatusResource.swift in Sources */,
				7CCF8FE42BFB8D38004692CA /* PokemonListController.swift in Sources */,
				7CCF90042BFC16C0004692CA /* PokemonDetailsView.swift in Sources */,
				7CCF8FEB2BFB9D1F004692CA /* PokemonsResource.swift in Sources */,
				7CCF8FFE2BFC0CE8004692CA /* PokemonDetailsResource.swift in Sources */,
				7CCF8FE62BFB95CF004692CA /* PokemonDetailsController.swift in Sources */,
				7CCF90082BFC7C30004692CA /* LikePokemonResource.swift in Sources */,
				7CCF8FE92BFB9CA8004692CA /* Network.swift in Sources */,
				7C261E692BFB7C6D00632ABA /* AppDelegate.swift in Sources */,
				7CCF8FF42BFBFA53004692CA /* PokemonCell.swift in Sources */,
				7CCF90022BFC1539004692CA /* PokemonViewModel.swift in Sources */,
				7CCF8FF72BFBFA9A004692CA /* PokemonListViewModel.swift in Sources */,
				7CCF90062BFC1C72004692CA /* CollectionViewActivityFooter.swift in Sources */,
				7C261E6B2BFB7C6D00632ABA /* SceneDelegate.swift in Sources */,
				7CCF8FFA2BFC096A004692CA /* StringConstants.swift in Sources */,
			);
			runOnlyForDeploymentPostprocessing = 0;
		};
/* End PBXSourcesBuildPhase section */

/* Begin PBXVariantGroup section */
		7C261E732BFB7C6E00632ABA /* LaunchScreen.storyboard */ = {
			isa = PBXVariantGroup;
			children = (
				7C261E742BFB7C6E00632ABA /* Base */,
			);
			name = LaunchScreen.storyboard;
			sourceTree = "<group>";
		};
/* End PBXVariantGroup section */

/* Begin XCBuildConfiguration section */
		7C261E772BFB7C6E00632ABA /* Debug */ = {
			isa = XCBuildConfiguration;
			buildSettings = {
				ALWAYS_SEARCH_USER_PATHS = NO;
				ASSETCATALOG_COMPILER_GENERATE_SWIFT_ASSET_SYMBOL_EXTENSIONS = YES;
				CLANG_ANALYZER_NONNULL = YES;
				CLANG_ANALYZER_NUMBER_OBJECT_CONVERSION = YES_AGGRESSIVE;
				CLANG_CXX_LANGUAGE_STANDARD = "gnu++20";
				CLANG_ENABLE_MODULES = YES;
				CLANG_ENABLE_OBJC_ARC = YES;
				CLANG_ENABLE_OBJC_WEAK = YES;
				CLANG_WARN_BLOCK_CAPTURE_AUTORELEASING = YES;
				CLANG_WARN_BOOL_CONVERSION = YES;
				CLANG_WARN_COMMA = YES;
				CLANG_WARN_CONSTANT_CONVERSION = YES;
				CLANG_WARN_DEPRECATED_OBJC_IMPLEMENTATIONS = YES;
				CLANG_WARN_DIRECT_OBJC_ISA_USAGE = YES_ERROR;
				CLANG_WARN_DOCUMENTATION_COMMENTS = YES;
				CLANG_WARN_EMPTY_BODY = YES;
				CLANG_WARN_ENUM_CONVERSION = YES;
				CLANG_WARN_INFINITE_RECURSION = YES;
				CLANG_WARN_INT_CONVERSION = YES;
				CLANG_WARN_NON_LITERAL_NULL_CONVERSION = YES;
				CLANG_WARN_OBJC_IMPLICIT_RETAIN_SELF = YES;
				CLANG_WARN_OBJC_LITERAL_CONVERSION = YES;
				CLANG_WARN_OBJC_ROOT_CLASS = YES_ERROR;
				CLANG_WARN_QUOTED_INCLUDE_IN_FRAMEWORK_HEADER = YES;
				CLANG_WARN_RANGE_LOOP_ANALYSIS = YES;
				CLANG_WARN_STRICT_PROTOTYPES = YES;
				CLANG_WARN_SUSPICIOUS_MOVE = YES;
				CLANG_WARN_UNGUARDED_AVAILABILITY = YES_AGGRESSIVE;
				CLANG_WARN_UNREACHABLE_CODE = YES;
				CLANG_WARN__DUPLICATE_METHOD_MATCH = YES;
				COPY_PHASE_STRIP = NO;
				DEBUG_INFORMATION_FORMAT = dwarf;
				ENABLE_STRICT_OBJC_MSGSEND = YES;
				ENABLE_TESTABILITY = YES;
				ENABLE_USER_SCRIPT_SANDBOXING = YES;
				GCC_C_LANGUAGE_STANDARD = gnu17;
				GCC_DYNAMIC_NO_PIC = NO;
				GCC_NO_COMMON_BLOCKS = YES;
				GCC_OPTIMIZATION_LEVEL = 0;
				GCC_PREPROCESSOR_DEFINITIONS = (
					"DEBUG=1",
					"$(inherited)",
				);
				GCC_WARN_64_TO_32_BIT_CONVERSION = YES;
				GCC_WARN_ABOUT_RETURN_TYPE = YES_ERROR;
				GCC_WARN_UNDECLARED_SELECTOR = YES;
				GCC_WARN_UNINITIALIZED_AUTOS = YES_AGGRESSIVE;
				GCC_WARN_UNUSED_FUNCTION = YES;
				GCC_WARN_UNUSED_VARIABLE = YES;
				IPHONEOS_DEPLOYMENT_TARGET = 17.2;
				LOCALIZATION_PREFERS_STRING_CATALOGS = YES;
				MTL_ENABLE_DEBUG_INFO = INCLUDE_SOURCE;
				MTL_FAST_MATH = YES;
				ONLY_ACTIVE_ARCH = YES;
				SDKROOT = iphoneos;
				SWIFT_ACTIVE_COMPILATION_CONDITIONS = "DEBUG $(inherited)";
				SWIFT_OPTIMIZATION_LEVEL = "-Onone";
			};
			name = Debug;
		};
		7C261E782BFB7C6E00632ABA /* Release */ = {
			isa = XCBuildConfiguration;
			buildSettings = {
				ALWAYS_SEARCH_USER_PATHS = NO;
				ASSETCATALOG_COMPILER_GENERATE_SWIFT_ASSET_SYMBOL_EXTENSIONS = YES;
				CLANG_ANALYZER_NONNULL = YES;
				CLANG_ANALYZER_NUMBER_OBJECT_CONVERSION = YES_AGGRESSIVE;
				CLANG_CXX_LANGUAGE_STANDARD = "gnu++20";
				CLANG_ENABLE_MODULES = YES;
				CLANG_ENABLE_OBJC_ARC = YES;
				CLANG_ENABLE_OBJC_WEAK = YES;
				CLANG_WARN_BLOCK_CAPTURE_AUTORELEASING = YES;
				CLANG_WARN_BOOL_CONVERSION = YES;
				CLANG_WARN_COMMA = YES;
				CLANG_WARN_CONSTANT_CONVERSION = YES;
				CLANG_WARN_DEPRECATED_OBJC_IMPLEMENTATIONS = YES;
				CLANG_WARN_DIRECT_OBJC_ISA_USAGE = YES_ERROR;
				CLANG_WARN_DOCUMENTATION_COMMENTS = YES;
				CLANG_WARN_EMPTY_BODY = YES;
				CLANG_WARN_ENUM_CONVERSION = YES;
				CLANG_WARN_INFINITE_RECURSION = YES;
				CLANG_WARN_INT_CONVERSION = YES;
				CLANG_WARN_NON_LITERAL_NULL_CONVERSION = YES;
				CLANG_WARN_OBJC_IMPLICIT_RETAIN_SELF = YES;
				CLANG_WARN_OBJC_LITERAL_CONVERSION = YES;
				CLANG_WARN_OBJC_ROOT_CLASS = YES_ERROR;
				CLANG_WARN_QUOTED_INCLUDE_IN_FRAMEWORK_HEADER = YES;
				CLANG_WARN_RANGE_LOOP_ANALYSIS = YES;
				CLANG_WARN_STRICT_PROTOTYPES = YES;
				CLANG_WARN_SUSPICIOUS_MOVE = YES;
				CLANG_WARN_UNGUARDED_AVAILABILITY = YES_AGGRESSIVE;
				CLANG_WARN_UNREACHABLE_CODE = YES;
				CLANG_WARN__DUPLICATE_METHOD_MATCH = YES;
				COPY_PHASE_STRIP = NO;
				DEBUG_INFORMATION_FORMAT = "dwarf-with-dsym";
				ENABLE_NS_ASSERTIONS = NO;
				ENABLE_STRICT_OBJC_MSGSEND = YES;
				ENABLE_USER_SCRIPT_SANDBOXING = YES;
				GCC_C_LANGUAGE_STANDARD = gnu17;
				GCC_NO_COMMON_BLOCKS = YES;
				GCC_WARN_64_TO_32_BIT_CONVERSION = YES;
				GCC_WARN_ABOUT_RETURN_TYPE = YES_ERROR;
				GCC_WARN_UNDECLARED_SELECTOR = YES;
				GCC_WARN_UNINITIALIZED_AUTOS = YES_AGGRESSIVE;
				GCC_WARN_UNUSED_FUNCTION = YES;
				GCC_WARN_UNUSED_VARIABLE = YES;
				IPHONEOS_DEPLOYMENT_TARGET = 17.2;
				LOCALIZATION_PREFERS_STRING_CATALOGS = YES;
				MTL_ENABLE_DEBUG_INFO = NO;
				MTL_FAST_MATH = YES;
				SDKROOT = iphoneos;
				SWIFT_COMPILATION_MODE = wholemodule;
				VALIDATE_PRODUCT = YES;
			};
			name = Release;
		};
		7C261E7A2BFB7C6E00632ABA /* Debug */ = {
			isa = XCBuildConfiguration;
			buildSettings = {
				ASSETCATALOG_COMPILER_APPICON_NAME = AppIcon;
				ASSETCATALOG_COMPILER_GLOBAL_ACCENT_COLOR_NAME = AccentColor;
				CODE_SIGN_STYLE = Automatic;
				CURRENT_PROJECT_VERSION = 1;
				DEVELOPMENT_TEAM = 2AC58R9FW9;
				GENERATE_INFOPLIST_FILE = YES;
				INFOPLIST_FILE = PokemonApi/Application/Info.plist;
				INFOPLIST_KEY_UIApplicationSupportsIndirectInputEvents = YES;
				INFOPLIST_KEY_UILaunchStoryboardName = LaunchScreen;
				INFOPLIST_KEY_UIMainStoryboardFile = "";
				INFOPLIST_KEY_UISupportedInterfaceOrientations_iPad = "UIInterfaceOrientationPortrait UIInterfaceOrientationPortraitUpsideDown UIInterfaceOrientationLandscapeLeft UIInterfaceOrientationLandscapeRight";
				INFOPLIST_KEY_UISupportedInterfaceOrientations_iPhone = "UIInterfaceOrientationPortrait UIInterfaceOrientationLandscapeLeft UIInterfaceOrientationLandscapeRight";
				LD_RUNPATH_SEARCH_PATHS = (
					"$(inherited)",
					"@executable_path/Frameworks",
				);
				MARKETING_VERSION = 1.0;
				PRODUCT_BUNDLE_IDENTIFIER = io.mihailstevcev.PokemonApi;
				PRODUCT_NAME = "$(TARGET_NAME)";
				SWIFT_EMIT_LOC_STRINGS = YES;
				SWIFT_VERSION = 5.0;
				TARGETED_DEVICE_FAMILY = "1,2";
			};
			name = Debug;
		};
		7C261E7B2BFB7C6E00632ABA /* Release */ = {
			isa = XCBuildConfiguration;
			buildSettings = {
				ASSETCATALOG_COMPILER_APPICON_NAME = AppIcon;
				ASSETCATALOG_COMPILER_GLOBAL_ACCENT_COLOR_NAME = AccentColor;
				CODE_SIGN_STYLE = Automatic;
				CURRENT_PROJECT_VERSION = 1;
				DEVELOPMENT_TEAM = 2AC58R9FW9;
				GENERATE_INFOPLIST_FILE = YES;
				INFOPLIST_FILE = PokemonApi/Application/Info.plist;
				INFOPLIST_KEY_UIApplicationSupportsIndirectInputEvents = YES;
				INFOPLIST_KEY_UILaunchStoryboardName = LaunchScreen;
				INFOPLIST_KEY_UIMainStoryboardFile = "";
				INFOPLIST_KEY_UISupportedInterfaceOrientations_iPad = "UIInterfaceOrientationPortrait UIInterfaceOrientationPortraitUpsideDown UIInterfaceOrientationLandscapeLeft UIInterfaceOrientationLandscapeRight";
				INFOPLIST_KEY_UISupportedInterfaceOrientations_iPhone = "UIInterfaceOrientationPortrait UIInterfaceOrientationLandscapeLeft UIInterfaceOrientationLandscapeRight";
				LD_RUNPATH_SEARCH_PATHS = (
					"$(inherited)",
					"@executable_path/Frameworks",
				);
				MARKETING_VERSION = 1.0;
				PRODUCT_BUNDLE_IDENTIFIER = io.mihailstevcev.PokemonApi;
				PRODUCT_NAME = "$(TARGET_NAME)";
				SWIFT_EMIT_LOC_STRINGS = YES;
				SWIFT_VERSION = 5.0;
				TARGETED_DEVICE_FAMILY = "1,2";
			};
			name = Release;
		};
/* End XCBuildConfiguration section */

/* Begin XCConfigurationList section */
		7C261E602BFB7C6D00632ABA /* Build configuration list for PBXProject "PokemonApi" */ = {
			isa = XCConfigurationList;
			buildConfigurations = (
				7C261E772BFB7C6E00632ABA /* Debug */,
				7C261E782BFB7C6E00632ABA /* Release */,
			);
			defaultConfigurationIsVisible = 0;
			defaultConfigurationName = Release;
		};
		7C261E792BFB7C6E00632ABA /* Build configuration list for PBXNativeTarget "PokemonApi" */ = {
			isa = XCConfigurationList;
			buildConfigurations = (
				7C261E7A2BFB7C6E00632ABA /* Debug */,
				7C261E7B2BFB7C6E00632ABA /* Release */,
			);
			defaultConfigurationIsVisible = 0;
			defaultConfigurationName = Release;
		};
/* End XCConfigurationList section */
	};
	rootObject = 7C261E5D2BFB7C6D00632ABA /* Project object */;
}
